
Microsoft Visual Studio Solution File, Format Version 12.00
# Visual Studio 15
VisualStudioVersion = 15.0.27703.1
MinimumVisualStudioVersion = 10.0.40219.1
Project("{9A19103F-16F7-4668-BE54-9A1E7A4F7556}") = "Disposable", "src\Disposable\Disposable.csproj", "{4ABA774E-70AC-4B79-940D-D277CFBC7C53}"
EndProject
Global
	GlobalSection(SolutionConfigurationPlatforms) = preSolution
		Debug|Any CPU = Debug|Any CPU
		Release|Any CPU = Release|Any CPU
	EndGlobalSection
	GlobalSection(ProjectConfigurationPlatforms) = postSolution
		{4ABA774E-70AC-4B79-940D-D277CFBC7C53}.Debug|Any CPU.ActiveCfg = Debug|Any CPU
		{4ABA774E-70AC-4B79-940D-D277CFBC7C53}.Debug|Any CPU.Build.0 = Debug|Any CPU
		{4ABA774E-70AC-4B79-940D-D277CFBC7C53}.Release|Any CPU.ActiveCfg = Release|Any CPU
		{4ABA774E-70AC-4B79-940D-D277CFBC7C53}.Release|Any CPU.Build.0 = Release|Any CPU
	EndGlobalSection
	GlobalSection(SolutionProperties) = preSolution
		HideSolutionNode = FALSE
	EndGlobalSection
	GlobalSection(ExtensibilityGlobals) = postSolution
		SolutionGuid = {628D4513-AE8B-4204-A63E-A1C84A951E9D}
	EndGlobalSection
EndGlobal
